
Microsoft Visual Studio Solution File, Format Version 12.00
# Visual Studio Version 17
VisualStudioVersion = 17.1.32407.343
MinimumVisualStudioVersion = 10.0.40219.1
Project("{FAE04EC0-301F-11D3-BF4B-00C04F79EFBC}") = "IsAdmin", "IsAdmin\IsAdmin.csproj", "{7A9383CE-4157-42AC-8BFE-A64EE05265E4}"
EndProject
Global
	GlobalSection(SolutionConfigurationPlatforms) = preSolution
		Debug|Any CPU = Debug|Any CPU
		Release|Any CPU = Release|Any CPU
	EndGlobalSection
	GlobalSection(ProjectConfigurationPlatforms) = postSolution
		{7A9383CE-4157-42AC-8BFE-A64EE05265E4}.Debug|Any CPU.ActiveCfg = Debug|Any CPU
		{7A9383CE-4157-42AC-8BFE-A64EE05265E4}.Debug|Any CPU.Build.0 = Debug|Any CPU
		{7A9383CE-4157-42AC-8BFE-A64EE05265E4}.Release|Any CPU.ActiveCfg = Release|Any CPU
		{7A9383CE-4157-42AC-8BFE-A64EE05265E4}.Release|Any CPU.Build.0 = Release|Any CPU
	EndGlobalSection
	GlobalSection(SolutionProperties) = preSolution
		HideSolutionNode = FALSE
	EndGlobalSection
	GlobalSection(ExtensibilityGlobals) = postSolution
		SolutionGuid = {337C3BFC-E7BF-4A6C-938A-5E9C6DB88536}
	EndGlobalSection
EndGlobal
